
Microsoft Visual Studio Solution File, Format Version 12.00
# Visual Studio Version 17
VisualStudioVersion = 17.10.35027.167
MinimumVisualStudioVersion = 10.0.40219.1
Project("{FAE04EC0-301F-11D3-BF4B-00C04F79EFBC}") = "Utilities", "Utilities\Utilities.csproj", "{AE0E1A1A-6461-4F39-B842-9C5583451E24}"
EndProject
Global
	GlobalSection(SolutionConfigurationPlatforms) = preSolution
		Debug|Any CPU = Debug|Any CPU
		Release|Any CPU = Release|Any CPU
	EndGlobalSection
	GlobalSection(ProjectConfigurationPlatforms) = postSolution
		{AE0E1A1A-6461-4F39-B842-9C5583451E24}.Debug|Any CPU.ActiveCfg = Debug|Any CPU
		{AE0E1A1A-6461-4F39-B842-9C5583451E24}.Debug|Any CPU.Build.0 = Debug|Any CPU
		{AE0E1A1A-6461-4F39-B842-9C5583451E24}.Release|Any CPU.ActiveCfg = Release|Any CPU
		{AE0E1A1A-6461-4F39-B842-9C5583451E24}.Release|Any CPU.Build.0 = Release|Any CPU
	EndGlobalSection
	GlobalSection(SolutionProperties) = preSolution
		HideSolutionNode = FALSE
	EndGlobalSection
	GlobalSection(ExtensibilityGlobals) = postSolution
		SolutionGuid = {251476A7-FECA-4138-8CB1-0690D0ACD8A9}
	EndGlobalSection
EndGlobal
